
Microsoft Visual Studio Solution File, Format Version 12.00
# Visual Studio Version 17
VisualStudioVersion = 17.0.31903.59
MinimumVisualStudioVersion = 10.0.40219.1
Project("{2150E333-8FDC-42A3-9474-1A3956D46DE8}") = "src", "src", "{059A3FB7-BD06-4EB2-83D3-CE3DCA7DCDCD}"
EndProject
Project("{2150E333-8FDC-42A3-9474-1A3956D46DE8}") = "tests", "tests", "{BFF6B2F1-63BA-4FD3-83B6-66C89CB26332}"
EndProject
Project("{9A19103F-16F7-4668-BE54-9A1E7A4F7556}") = "DigitalWallet", "src\DigitalWallet\DigitalWallet.csproj", "{22E90686-370A-4D58-AB9E-09AE0B93910C}"
EndProject
Project("{FAE04EC0-301F-11D3-BF4B-00C04F79EFBC}") = "DigitalWallet.UnitTests", "tests\DigitalWallet.UnitTests\DigitalWallet.UnitTests.csproj", "{B3F5BF61-5061-49F7-B0EF-188F71FFE1EB}"
EndProject
Project("{FAE04EC0-301F-11D3-BF4B-00C04F79EFBC}") = "DigitalWallet.IntegrationTests", "src\DigitalWallet.IntegrationTests\DigitalWallet.IntegrationTests.csproj", "{507F47A7-D296-43C2-B4AA-11210EB15971}"
EndProject
Project("{FAE04EC0-301F-11D3-BF4B-00C04F79EFBC}") = "DigitalWallet.FunctionalTests", "DigitalWallet.FunctionalTests\DigitalWallet.FunctionalTests.csproj", "{8500C674-DF59-4678-B930-F41F23FA2FA1}"
EndProject
Global
	GlobalSection(SolutionConfigurationPlatforms) = preSolution
		Debug|Any CPU = Debug|Any CPU
		Release|Any CPU = Release|Any CPU
	EndGlobalSection
	GlobalSection(ProjectConfigurationPlatforms) = postSolution
		{22E90686-370A-4D58-AB9E-09AE0B93910C}.Debug|Any CPU.ActiveCfg = Debug|Any CPU
		{22E90686-370A-4D58-AB9E-09AE0B93910C}.Debug|Any CPU.Build.0 = Debug|Any CPU
		{22E90686-370A-4D58-AB9E-09AE0B93910C}.Release|Any CPU.ActiveCfg = Release|Any CPU
		{22E90686-370A-4D58-AB9E-09AE0B93910C}.Release|Any CPU.Build.0 = Release|Any CPU
		{B3F5BF61-5061-49F7-B0EF-188F71FFE1EB}.Debug|Any CPU.ActiveCfg = Debug|Any CPU
		{B3F5BF61-5061-49F7-B0EF-188F71FFE1EB}.Debug|Any CPU.Build.0 = Debug|Any CPU
		{B3F5BF61-5061-49F7-B0EF-188F71FFE1EB}.Release|Any CPU.ActiveCfg = Release|Any CPU
		{B3F5BF61-5061-49F7-B0EF-188F71FFE1EB}.Release|Any CPU.Build.0 = Release|Any CPU
		{507F47A7-D296-43C2-B4AA-11210EB15971}.Debug|Any CPU.ActiveCfg = Debug|Any CPU
		{507F47A7-D296-43C2-B4AA-11210EB15971}.Debug|Any CPU.Build.0 = Debug|Any CPU
		{507F47A7-D296-43C2-B4AA-11210EB15971}.Release|Any CPU.ActiveCfg = Release|Any CPU
		{507F47A7-D296-43C2-B4AA-11210EB15971}.Release|Any CPU.Build.0 = Release|Any CPU
		{8500C674-DF59-4678-B930-F41F23FA2FA1}.Debug|Any CPU.ActiveCfg = Debug|Any CPU
		{8500C674-DF59-4678-B930-F41F23FA2FA1}.Debug|Any CPU.Build.0 = Debug|Any CPU
		{8500C674-DF59-4678-B930-F41F23FA2FA1}.Release|Any CPU.ActiveCfg = Release|Any CPU
		{8500C674-DF59-4678-B930-F41F23FA2FA1}.Release|Any CPU.Build.0 = Release|Any CPU
	EndGlobalSection
	GlobalSection(SolutionProperties) = preSolution
		HideSolutionNode = FALSE
	EndGlobalSection
	GlobalSection(NestedProjects) = preSolution
		{22E90686-370A-4D58-AB9E-09AE0B93910C} = {059A3FB7-BD06-4EB2-83D3-CE3DCA7DCDCD}
		{B3F5BF61-5061-49F7-B0EF-188F71FFE1EB} = {BFF6B2F1-63BA-4FD3-83B6-66C89CB26332}
		{507F47A7-D296-43C2-B4AA-11210EB15971} = {BFF6B2F1-63BA-4FD3-83B6-66C89CB26332}
		{8500C674-DF59-4678-B930-F41F23FA2FA1} = {BFF6B2F1-63BA-4FD3-83B6-66C89CB26332}
	EndGlobalSection
EndGlobal
